
Microsoft Visual Studio Solution File, Format Version 12.00
# Visual Studio Version 17
VisualStudioVersion = 17.3.32922.545
MinimumVisualStudioVersion = 10.0.40219.1
Project("{FAE04EC0-301F-11D3-BF4B-00C04F79EFBC}") = "ConectDB", "ConectDB\ConectDB.csproj", "{5F80EF3D-3C4C-4D97-9AA3-D394F3978196}"
EndProject
Global
	GlobalSection(SolutionConfigurationPlatforms) = preSolution
		Debug|Any CPU = Debug|Any CPU
		Release|Any CPU = Release|Any CPU
	EndGlobalSection
	GlobalSection(ProjectConfigurationPlatforms) = postSolution
		{5F80EF3D-3C4C-4D97-9AA3-D394F3978196}.Debug|Any CPU.ActiveCfg = Debug|Any CPU
		{5F80EF3D-3C4C-4D97-9AA3-D394F3978196}.Debug|Any CPU.Build.0 = Debug|Any CPU
		{5F80EF3D-3C4C-4D97-9AA3-D394F3978196}.Release|Any CPU.ActiveCfg = Release|Any CPU
		{5F80EF3D-3C4C-4D97-9AA3-D394F3978196}.Release|Any CPU.Build.0 = Release|Any CPU
	EndGlobalSection
	GlobalSection(SolutionProperties) = preSolution
		HideSolutionNode = FALSE
	EndGlobalSection
	GlobalSection(ExtensibilityGlobals) = postSolution
		SolutionGuid = {D69CCA07-DC48-4834-923C-6837068795EF}
	EndGlobalSection
EndGlobal
